schema: '2.0'
stages:
  preprocess:
    cmd: python preprocessing.py
    deps:
    - path: constants.py
      hash: md5
      md5: da62034abc11a30adc59bc0a05cb7d31
      size: 475
    - path: preprocessing.py
      hash: md5
      md5: d38d765d71dc098cf05e0ef1dc64f61d
      size: 3117
    - path: raw_dataset/weatherHistory.csv
      hash: md5
      md5: dde600d93650b8ea2b8b604532256745
      size: 15706771
    outs:
    - path: processed_dataset/weatherHistory.csv
      hash: md5
      md5: 42f5b6ae604091b78ef67d2435899062
      size: 10316403
  train:
    cmd: python main.py
    deps:
    - path: constants.py
      hash: md5
      md5: da62034abc11a30adc59bc0a05cb7d31
      size: 475
    - path: main.py
      hash: md5
      md5: d3cb5cc301d4d87224e043694df0957d
      size: 1267
    - path: metrics_and_plots.py
      hash: md5
      md5: 7f1e628d655f14d9cdba593ab5b2275a
      size: 558
    - path: processed_dataset/weatherHistory.csv
      hash: md5
      md5: 42f5b6ae604091b78ef67d2435899062
      size: 10316403
    - path: training.py
      hash: md5
      md5: e15cdb350d887daec156cf2fb05ad61b
      size: 4032
    outs:
    - path: plots/metrics.json
      hash: md5
      md5: 76e9a04509716da7d5646cdc86ebac05
      size: 67
    - path: predictions.csv
      hash: md5
      md5: 91949ec52b769dcf2b3899b2fa9bcc8d
      size: 172675
